// !$*UTF8*$!
{
	archiveVersion = 1;
	classes = {
	};
	objectVersion = 48;
	objects = {

/* Begin PBXBuildFile section */
		1A25882D2068B380007FD201 /* AppDelegate.swift in Sources */ = {isa = PBXBuildFile; fileRef = 1A25882C2068B380007FD201 /* AppDelegate.swift */; };
		1A25882F2068B380007FD201 /* ViewController.swift in Sources */ = {isa = PBXBuildFile; fileRef = 1A25882E2068B380007FD201 /* ViewController.swift */; };
		1A2588322068B380007FD201 /* Main.storyboard in Resources */ = {isa = PBXBuildFile; fileRef = 1A2588302068B380007FD201 /* Main.storyboard */; };
		1A2588342068B380007FD201 /* Assets.xcassets in Resources */ = {isa = PBXBuildFile; fileRef = 1A2588332068B380007FD201 /* Assets.xcassets */; };
		1A2588372068B380007FD201 /* LaunchScreen.storyboard in Resources */ = {isa = PBXBuildFile; fileRef = 1A2588352068B380007FD201 /* LaunchScreen.storyboard */; };
		1A2588402068B4BB007FD201 /* PlayingCard.swift in Sources */ = {isa = PBXBuildFile; fileRef = 1A25883F2068B4BB007FD201 /* PlayingCard.swift */; };
		1A2588422068B95F007FD201 /* PlayingCardDeck.swift in Sources */ = {isa = PBXBuildFile; fileRef = 1A2588412068B95F007FD201 /* PlayingCardDeck.swift */; };
		1AEB1532207BBF7200E40558 /* PlayingCardView.swift in Sources */ = {isa = PBXBuildFile; fileRef = 1AEB1531207BBF7200E40558 /* PlayingCardView.swift */; };
/* End PBXBuildFile section */

/* Begin PBXFileReference section */
		1A2588292068B380007FD201 /* PlayingCard.app */ = {isa = PBXFileReference; explicitFileType = wrapper.application; includeInIndex = 0; path = PlayingCard.app; sourceTree = BUILT_PRODUCTS_DIR; };
		1A25882C2068B380007FD201 /* AppDelegate.swift */ = {isa = PBXFileReference; lastKnownFileType = sourcecode.swift; path = AppDelegate.swift; sourceTree = "<group>"; };
		1A25882E2068B380007FD201 /* ViewController.swift */ = {isa = PBXFileReference; lastKnownFileType = sourcecode.swift; path = ViewController.swift; sourceTree = "<group>"; };
		1A2588312068B380007FD201 /* Base */ = {isa = PBXFileReference; lastKnownFileType = file.storyboard; name = Base; path = Base.lproj/Main.storyboard; sourceTree = "<group>"; };
		1A2588332068B380007FD201 /* Assets.xcassets */ = {isa = PBXFileReference; lastKnownFileType = folder.assetcatalog; path = Assets.xcassets; sourceTree = "<group>"; };
		1A2588362068B380007FD201 /* Base */ = {isa = PBXFileReference; lastKnownFileType = file.storyboard; name = Base; path = Base.lproj/LaunchScreen.storyboard; sourceTree = "<group>"; };
		1A2588382068B380007FD201 /* Info.plist */ = {isa = PBXFileReference; lastKnownFileType = text.plist.xml; path = Info.plist; sourceTree = "<group>"; };
		1A25883F2068B4BB007FD201 /* PlayingCard.swift */ = {isa = PBXFileReference; lastKnownFileType = sourcecode.swift; path = PlayingCard.swift; sourceTree = "<group>"; };
		1A2588412068B95F007FD201 /* PlayingCardDeck.swift */ = {isa = PBXFileReference; lastKnownFileType = sourcecode.swift; path = PlayingCardDeck.swift; sourceTree = "<group>"; };
		1AEB1531207BBF7200E40558 /* PlayingCardView.swift */ = {isa = PBXFileReference; lastKnownFileType = sourcecode.swift; path = PlayingCardView.swift; sourceTree = "<group>"; };
/* End PBXFileReference section */

/* Begin PBXFrameworksBuildPhase section */
		1A2588262068B380007FD201 /* Frameworks */ = {
			isa = PBXFrameworksBuildPhase;
			buildActionMask = 2147483647;
			files = (
			);
			runOnlyForDeploymentPostprocessing = 0;
		};
/* End PBXFrameworksBuildPhase section */

/* Begin PBXGroup section */
		1A2588202068B380007FD201 = {
			isa = PBXGroup;
			children = (
				1A25882B2068B380007FD201 /* PlayingCard */,
				1A25882A2068B380007FD201 /* Products */,
			);
			sourceTree = "<group>";
		};
		1A25882A2068B380007FD201 /* Products */ = {
			isa = PBXGroup;
			children = (
				1A2588292068B380007FD201 /* PlayingCard.app */,
			);
			name = Products;
			sourceTree = "<group>";
		};
		1A25882B2068B380007FD201 /* PlayingCard */ = {
			isa = PBXGroup;
			children = (
				1A2588332068B380007FD201 /* Assets.xcassets */,
				1AEB1533207BBF8D00E40558 /* Model */,
				1AEB1534207BBF9C00E40558 /* View */,
				1AEB1535207BBFA700E40558 /* Controller */,
				1A25883E2068B44E007FD201 /* Supporting Files */,
				1A2588382068B380007FD201 /* Info.plist */,
			);
			path = PlayingCard;
			sourceTree = "<group>";
		};
		1A25883E2068B44E007FD201 /* Supporting Files */ = {
			isa = PBXGroup;
			children = (
				1A25882C2068B380007FD201 /* AppDelegate.swift */,
				1A2588352068B380007FD201 /* LaunchScreen.storyboard */,
			);
			path = "Supporting Files";
			sourceTree = "<group>";
		};
		1AEB1533207BBF8D00E40558 /* Model */ = {
			isa = PBXGroup;
			children = (
				1A25883F2068B4BB007FD201 /* PlayingCard.swift */,
				1A2588412068B95F007FD201 /* PlayingCardDeck.swift */,
			);
			path = Model;
			sourceTree = "<group>";
		};
		1AEB1534207BBF9C00E40558 /* View */ = {
			isa = PBXGroup;
			children = (
				1AEB1531207BBF7200E40558 /* PlayingCardView.swift */,
				1A2588302068B380007FD201 /* Main.storyboard */,
			);
			path = View;
			sourceTree = "<group>";
		};
		1AEB1535207BBFA700E40558 /* Controller */ = {
			isa = PBXGroup;
			children = (
				1A25882E2068B380007FD201 /* ViewController.swift */,
			);
			path = Controller;
			sourceTree = "<group>";
		};
/* End PBXGroup section */

/* Begin PBXNativeTarget section */
		1A2588282068B380007FD201 /* PlayingCard */ = {
			isa = PBXNativeTarget;
			buildConfigurationList = 1A25883B2068B380007FD201 /* Build configuration list for PBXNativeTarget "PlayingCard" */;
			buildPhases = (
				1A2588252068B380007FD201 /* Sources */,
				1A2588262068B380007FD201 /* Frameworks */,
				1A2588272068B380007FD201 /* Resources */,
			);
			buildRules = (
			);
			dependencies = (
			);
			name = PlayingCard;
			productName = PlayingCard;
			productReference = 1A2588292068B380007FD201 /* PlayingCard.app */;
			productType = "com.apple.product-type.application";
		};
/* End PBXNativeTarget section */

/* Begin PBXProject section */
		1A2588212068B380007FD201 /* Project object */ = {
			isa = PBXProject;
			attributes = {
				LastSwiftUpdateCheck = 0920;
				LastUpgradeCheck = 0920;
				ORGANIZATIONNAME = "Kostiantyn Bilyk";
				TargetAttributes = {
					1A2588282068B380007FD201 = {
						CreatedOnToolsVersion = 9.2;
						ProvisioningStyle = Automatic;
					};
				};
			};
			buildConfigurationList = 1A2588242068B380007FD201 /* Build configuration list for PBXProject "PlayingCard" */;
			compatibilityVersion = "Xcode 8.0";
			developmentRegion = en;
			hasScannedForEncodings = 0;
			knownRegions = (
				en,
				Base,
			);
			mainGroup = 1A2588202068B380007FD201;
			productRefGroup = 1A25882A2068B380007FD201 /* Products */;
			projectDirPath = "";
			projectRoot = "";
			targets = (
				1A2588282068B380007FD201 /* PlayingCard */,
			);
		};
/* End PBXProject section */

/* Begin PBXResourcesBuildPhase section */
		1A2588272068B380007FD201 /* Resources */ = {
			isa = PBXResourcesBuildPhase;
			buildActionMask = 2147483647;
			files = (
				1A2588372068B380007FD201 /* LaunchScreen.storyboard in Resources */,
				1A2588342068B380007FD201 /* Assets.xcassets in Resources */,
				1A2588322068B380007FD201 /* Main.storyboard in Resources */,
			);
			runOnlyForDeploymentPostprocessing = 0;
		};
/* End PBXResourcesBuildPhase section */

/* Begin PBXSourcesBuildPhase section */
		1A2588252068B380007FD201 /* Sources */ = {
			isa = PBXSourcesBuildPhase;
			buildActionMask = 2147483647;
			files = (
				1A25882F2068B380007FD201 /* ViewController.swift in Sources */,
				1A2588422068B95F007FD201 /* PlayingCardDeck.swift in Sources */,
				1A2588402068B4BB007FD201 /* PlayingCard.swift in Sources */,
				1AEB1532207BBF7200E40558 /* PlayingCardView.swift in Sources */,
				1A25882D2068B380007FD201 /* AppDelegate.swift in Sources */,
			);
			runOnlyForDeploymentPostprocessing = 0;
		};
/* End PBXSourcesBuildPhase section */

/* Begin PBXVariantGroup section */
		1A2588302068B380007FD201 /* Main.storyboard */ = {
			isa = PBXVariantGroup;
			children = (
				1A2588312068B380007FD201 /* Base */,
			);
			name = Main.storyboard;
			sourceTree = "<group>";
		};
		1A2588352068B380007FD201 /* LaunchScreen.storyboard */ = {
			isa = PBXVariantGroup;
			children = (
				1A2588362068B380007FD201 /* Base */,
			);
			name = LaunchScreen.storyboard;
			sourceTree = "<group>";
		};
/* End PBXVariantGroup section */

/* Begin XCBuildConfiguration section */
		1A2588392068B380007FD201 /* Debug */ = {
			isa = XCBuildConfiguration;
			buildSettings = {
				ALWAYS_SEARCH_USER_PATHS = NO;
				CLANG_ANALYZER_NONNULL = YES;
				CLANG_ANALYZER_NUMBER_OBJECT_CONVERSION = YES_AGGRESSIVE;
				CLANG_CXX_LANGUAGE_STANDARD = "gnu++14";
				CLANG_CXX_LIBRARY = "libc++";
				CLANG_ENABLE_MODULES = YES;
				CLANG_ENABLE_OBJC_ARC = YES;
				CLANG_WARN_BLOCK_CAPTURE_AUTORELEASING = YES;
				CLANG_WARN_BOOL_CONVERSION = YES;
				CLANG_WARN_COMMA = YES;
				CLANG_WARN_CONSTANT_CONVERSION = YES;
				CLANG_WARN_DIRECT_OBJC_ISA_USAGE = YES_ERROR;
				CLANG_WARN_DOCUMENTATION_COMMENTS = YES;
				CLANG_WARN_EMPTY_BODY = YES;
				CLANG_WARN_ENUM_CONVERSION = YES;
				CLANG_WARN_INFINITE_RECURSION = YES;
				CLANG_WARN_INT_CONVERSION = YES;
				CLANG_WARN_NON_LITERAL_NULL_CONVERSION = YES;
				CLANG_WARN_OBJC_LITERAL_CONVERSION = YES;
				CLANG_WARN_OBJC_ROOT_CLASS = YES_ERROR;
				CLANG_WARN_RANGE_LOOP_ANALYSIS = YES;
				CLANG_WARN_STRICT_PROTOTYPES = YES;
				CLANG_WARN_SUSPICIOUS_MOVE = YES;
				CLANG_WARN_UNGUARDED_AVAILABILITY = YES_AGGRESSIVE;
				CLANG_WARN_UNREACHABLE_CODE = YES;
				CLANG_WARN__DUPLICATE_METHOD_MATCH = YES;
				CODE_SIGN_IDENTITY = "iPhone Developer";
				COPY_PHASE_STRIP = NO;
				DEBUG_INFORMATION_FORMAT = dwarf;
				ENABLE_STRICT_OBJC_MSGSEND = YES;
				ENABLE_TESTABILITY = YES;
				GCC_C_LANGUAGE_STANDARD = gnu11;
				GCC_DYNAMIC_NO_PIC = NO;
				GCC_NO_COMMON_BLOCKS = YES;
				GCC_OPTIMIZATION_LEVEL = 0;
				GCC_PREPROCESSOR_DEFINITIONS = (
					"DEBUG=1",
					"$(inherited)",
				);
				GCC_WARN_64_TO_32_BIT_CONVERSION = YES;
				GCC_WARN_ABOUT_RETURN_TYPE = YES_ERROR;
				GCC_WARN_UNDECLARED_SELECTOR = YES;
				GCC_WARN_UNINITIALIZED_AUTOS = YES_AGGRESSIVE;
				GCC_WARN_UNUSED_FUNCTION = YES;
				GCC_WARN_UNUSED_VARIABLE = YES;
				IPHONEOS_DEPLOYMENT_TARGET = 11.2;
				MTL_ENABLE_DEBUG_INFO = YES;
				ONLY_ACTIVE_ARCH = YES;
				SDKROOT = iphoneos;
				SWIFT_ACTIVE_COMPILATION_CONDITIONS = DEBUG;
				SWIFT_OPTIMIZATION_LEVEL = "-Onone";
			};
			name = Debug;
		};
		1A25883A2068B380007FD201 /* Release */ = {
			isa = XCBuildConfiguration;
			buildSettings = {
				ALWAYS_SEARCH_USER_PATHS = NO;
				CLANG_ANALYZER_NONNULL = YES;
				CLANG_ANALYZER_NUMBER_OBJECT_CONVERSION = YES_AGGRESSIVE;
				CLANG_CXX_LANGUAGE_STANDARD = "gnu++14";
				CLANG_CXX_LIBRARY = "libc++";
				CLANG_ENABLE_MODULES = YES;
				CLANG_ENABLE_OBJC_ARC = YES;
				CLANG_WARN_BLOCK_CAPTURE_AUTORELEASING = YES;
				CLANG_WARN_BOOL_CONVERSION = YES;
				CLANG_WARN_COMMA = YES;
				CLANG_WARN_CONSTANT_CONVERSION = YES;
				CLANG_WARN_DIRECT_OBJC_ISA_USAGE = YES_ERROR;
				CLANG_WARN_DOCUMENTATION_COMMENTS = YES;
				CLANG_WARN_EMPTY_BODY = YES;
				CLANG_WARN_ENUM_CONVERSION = YES;
				CLANG_WARN_INFINITE_RECURSION = YES;
				CLANG_WARN_INT_CONVERSION = YES;
				CLANG_WARN_NON_LITERAL_NULL_CONVERSION = YES;
				CLANG_WARN_OBJC_LITERAL_CONVERSION = YES;
				CLANG_WARN_OBJC_ROOT_CLASS = YES_ERROR;
				CLANG_WARN_RANGE_LOOP_ANALYSIS = YES;
				CLANG_WARN_STRICT_PROTOTYPES = YES;
				CLANG_WARN_SUSPICIOUS_MOVE = YES;
				CLANG_WARN_UNGUARDED_AVAILABILITY = YES_AGGRESSIVE;
				CLANG_WARN_UNREACHABLE_CODE = YES;
				CLANG_WARN__DUPLICATE_METHOD_MATCH = YES;
				CODE_SIGN_IDENTITY = "iPhone Developer";
				COPY_PHASE_STRIP = NO;
				DEBUG_INFORMATION_FORMAT = "dwarf-with-dsym";
				ENABLE_NS_ASSERTIONS = NO;
				ENABLE_STRICT_OBJC_MSGSEND = YES;
				GCC_C_LANGUAGE_STANDARD = gnu11;
				GCC_NO_COMMON_BLOCKS = YES;
				GCC_WARN_64_TO_32_BIT_CONVERSION = YES;
				GCC_WARN_ABOUT_RETURN_TYPE = YES_ERROR;
				GCC_WARN_UNDECLARED_SELECTOR = YES;
				GCC_WARN_UNINITIALIZED_AUTOS = YES_AGGRESSIVE;
				GCC_WARN_UNUSED_FUNCTION = YES;
				GCC_WARN_UNUSED_VARIABLE = YES;
				IPHONEOS_DEPLOYMENT_TARGET = 11.2;
				MTL_ENABLE_DEBUG_INFO = NO;
				SDKROOT = iphoneos;
				SWIFT_OPTIMIZATION_LEVEL = "-Owholemodule";
				VALIDATE_PRODUCT = YES;
			};
			name = Release;
		};
		1A25883C2068B380007FD201 /* Debug */ = {
			isa = XCBuildConfiguration;
			buildSettings = {
				ASSETCATALOG_COMPILER_APPICON_NAME = AppIcon;
				CODE_SIGN_STYLE = Automatic;
				DEVELOPMENT_TEAM = 7L3VV4KFDF;
				INFOPLIST_FILE = PlayingCard/Info.plist;
				LD_RUNPATH_SEARCH_PATHS = "$(inherited) @executable_path/Frameworks";
				PRODUCT_BUNDLE_IDENTIFIER = com.bilyk.kos.PlayingCard;
				PRODUCT_NAME = "$(TARGET_NAME)";
				SWIFT_VERSION = 4.0;
				TARGETED_DEVICE_FAMILY = "1,2";
			};
			name = Debug;
		};
		1A25883D2068B380007FD201 /* Release */ = {
			isa = XCBuildConfiguration;
			buildSettings = {
				ASSETCATALOG_COMPILER_APPICON_NAME = AppIcon;
				CODE_SIGN_STYLE = Automatic;
				DEVELOPMENT_TEAM = 7L3VV4KFDF;
				INFOPLIST_FILE = PlayingCard/Info.plist;
				LD_RUNPATH_SEARCH_PATHS = "$(inherited) @executable_path/Frameworks";
				PRODUCT_BUNDLE_IDENTIFIER = com.bilyk.kos.PlayingCard;
				PRODUCT_NAME = "$(TARGET_NAME)";
				SWIFT_VERSION = 4.0;
				TARGETED_DEVICE_FAMILY = "1,2";
			};
			name = Release;
		};
/* End XCBuildConfiguration section */

/* Begin XCConfigurationList section */
		1A2588242068B380007FD201 /* Build configuration list for PBXProject "PlayingCard" */ = {
			isa = XCConfigurationList;
			buildConfigurations = (
				1A2588392068B380007FD201 /* Debug */,
				1A25883A2068B380007FD201 /* Release */,
			);
			defaultConfigurationIsVisible = 0;
			defaultConfigurationName = Release;
		};
		1A25883B2068B380007FD201 /* Build configuration list for PBXNativeTarget "PlayingCard" */ = {
			isa = XCConfigurationList;
			buildConfigurations = (
				1A25883C2068B380007FD201 /* Debug */,
				1A25883D2068B380007FD201 /* Release */,
			);
			defaultConfigurationIsVisible = 0;
			defaultConfigurationName = Release;
		};
/* End XCConfigurationList section */
	};
	rootObject = 1A2588212068B380007FD201 /* Project object */;
}
